
Microsoft Visual Studio Solution File, Format Version 12.00
# Visual Studio Version 17
VisualStudioVersion = 17.5.002.0
MinimumVisualStudioVersion = 10.0.40219.1
Project("{2150E333-8FDC-42A3-9474-1A3956D46DE8}") = "src", "src", "{921AE705-D625-497A-B71D-FB54B7CEAD30}"
EndProject
Project("{9A19103F-16F7-4668-BE54-9A1E7A4F7556}") = "Play.Catalog.Service", "src\Play.Catalog.Service\Play.Catalog.Service.csproj", "{0EB4A035-3028-472C-B4ED-55DD7D2BD8C7}"
EndProject
Global
	GlobalSection(SolutionConfigurationPlatforms) = preSolution
		Debug|Any CPU = Debug|Any CPU
		Release|Any CPU = Release|Any CPU
	EndGlobalSection
	GlobalSection(ProjectConfigurationPlatforms) = postSolution
		{0EB4A035-3028-472C-B4ED-55DD7D2BD8C7}.Debug|Any CPU.ActiveCfg = Debug|Any CPU
		{0EB4A035-3028-472C-B4ED-55DD7D2BD8C7}.Debug|Any CPU.Build.0 = Debug|Any CPU
		{0EB4A035-3028-472C-B4ED-55DD7D2BD8C7}.Release|Any CPU.ActiveCfg = Release|Any CPU
		{0EB4A035-3028-472C-B4ED-55DD7D2BD8C7}.Release|Any CPU.Build.0 = Release|Any CPU
	EndGlobalSection
	GlobalSection(SolutionProperties) = preSolution
		HideSolutionNode = FALSE
	EndGlobalSection
	GlobalSection(NestedProjects) = preSolution
		{0EB4A035-3028-472C-B4ED-55DD7D2BD8C7} = {921AE705-D625-497A-B71D-FB54B7CEAD30}
	EndGlobalSection
	GlobalSection(ExtensibilityGlobals) = postSolution
		SolutionGuid = {FAD4BB96-25D5-4048-BA21-10A86E793CBD}
	EndGlobalSection
EndGlobal
